speakeasyVersion: 1.789.3
sources:
    SankaPublicAPI:
        sourceNamespace: sanka-public-api
        sourceRevisionDigest: sha256:cd52481060464d582b1097188e72dd2a4e181f15ae402baff2acf2e92f3db20f
        sourceBlobDigest: sha256:05e30241fbd4bd38d0fa7dcdfa26faf182b9ec8cb1516e456b5eeb42daaeee40
        tags:
            - latest
            - 0.1.0
targets:
    sanka-sdk:
        source: SankaPublicAPI
        sourceNamespace: sanka-public-api
        sourceRevisionDigest: sha256:cd52481060464d582b1097188e72dd2a4e181f15ae402baff2acf2e92f3db20f
        sourceBlobDigest: sha256:05e30241fbd4bd38d0fa7dcdfa26faf182b9ec8cb1516e456b5eeb42daaeee40
        codeSamplesNamespace: sanka-public-api-typescript-code-samples
        codeSamplesRevisionDigest: sha256:d932b4cd7e1c236331c76a3a79502784a3fbffedaaeec68145335987234ace2f
workflow:
    workflowVersion: 1.0.0
    speakeasyVersion: latest
    sources:
        SankaPublicAPI:
            inputs:
                - location: openapi/openapi.json
            overlays:
                - location: .speakeasy/operation-ids.overlay.yaml
            output: .speakeasy/out.openapi.yaml
            registry:
                location: registry.speakeasyapi.dev/sanka/sanka/sanka-public-api
    targets:
        sanka-sdk:
            target: typescript
            source: SankaPublicAPI
            codeSamples:
                registry:
                    location: registry.speakeasyapi.dev/sanka/sanka/sanka-public-api-typescript-code-samples
                labelOverride:
                    fixedValue: Typescript (SDK)
                blocking: false
