speakeasyVersion: 1.789.0
sources:
    SankaPublicAPI:
        sourceNamespace: sanka-public-api
        sourceRevisionDigest: sha256:b505b13f05a7702a1a4eb7cbde2dab8d917f5167ce94dabe3431f7751f903d03
        sourceBlobDigest: sha256:c655adfe45aaa7e800268624fcde2af734cf4b07a72e58a0eb6523f8104308c4
        tags:
            - latest
            - 0.1.0
targets:
    sanka-sdk:
        source: SankaPublicAPI
        sourceNamespace: sanka-public-api
        sourceRevisionDigest: sha256:b505b13f05a7702a1a4eb7cbde2dab8d917f5167ce94dabe3431f7751f903d03
        sourceBlobDigest: sha256:c655adfe45aaa7e800268624fcde2af734cf4b07a72e58a0eb6523f8104308c4
        codeSamplesNamespace: sanka-public-api-typescript-code-samples
        codeSamplesRevisionDigest: sha256:e4b92d2e9f2d87ed425dcbe21d5a7fd94f9ce05fd33911a51ba51d502cd83961
workflow:
    workflowVersion: 1.0.0
    speakeasyVersion: latest
    sources:
        SankaPublicAPI:
            inputs:
                - location: openapi/openapi.json
            overlays:
                - location: .speakeasy/operation-ids.overlay.yaml
            output: .speakeasy/out.openapi.yaml
            registry:
                location: registry.speakeasyapi.dev/sanka/sanka/sanka-public-api
    targets:
        sanka-sdk:
            target: typescript
            source: SankaPublicAPI
            codeSamples:
                registry:
                    location: registry.speakeasyapi.dev/sanka/sanka/sanka-public-api-typescript-code-samples
                labelOverride:
                    fixedValue: Typescript (SDK)
                blocking: false
